
Microsoft Visual Studio Solution File, Format Version 12.00
# Visual Studio Version 17
VisualStudioVersion = 17.10.35013.160
MinimumVisualStudioVersion = 10.0.40219.1
Project("{FAE04EC0-301F-11D3-BF4B-00C04F79EFBC}") = "BankAccount", "BankAccount\BankAccount.csproj", "{EEA78E27-AC17-4EE4-B5E9-548B76FC9F2E}"
EndProject
Project("{FAE04EC0-301F-11D3-BF4B-00C04F79EFBC}") = "BankTests", "BankTests\BankTests.csproj", "{7ACD73F2-1382-4DE5-95BC-AE62CBAFFFF8}"
EndProject
Project("{FAE04EC0-301F-11D3-BF4B-00C04F79EFBC}") = "Credit", "Credit\Credit.csproj", "{52CD3F97-FE81-4B97-842F-AA72E7F8AD1E}"
EndProject
Global
	GlobalSection(SolutionConfigurationPlatforms) = preSolution
		Debug|Any CPU = Debug|Any CPU
		Release|Any CPU = Release|Any CPU
	EndGlobalSection
	GlobalSection(ProjectConfigurationPlatforms) = postSolution
		{EEA78E27-AC17-4EE4-B5E9-548B76FC9F2E}.Debug|Any CPU.ActiveCfg = Debug|Any CPU
		{EEA78E27-AC17-4EE4-B5E9-548B76FC9F2E}.Debug|Any CPU.Build.0 = Debug|Any CPU
		{EEA78E27-AC17-4EE4-B5E9-548B76FC9F2E}.Release|Any CPU.ActiveCfg = Release|Any CPU
		{EEA78E27-AC17-4EE4-B5E9-548B76FC9F2E}.Release|Any CPU.Build.0 = Release|Any CPU
		{7ACD73F2-1382-4DE5-95BC-AE62CBAFFFF8}.Debug|Any CPU.ActiveCfg = Debug|Any CPU
		{7ACD73F2-1382-4DE5-95BC-AE62CBAFFFF8}.Debug|Any CPU.Build.0 = Debug|Any CPU
		{7ACD73F2-1382-4DE5-95BC-AE62CBAFFFF8}.Release|Any CPU.ActiveCfg = Release|Any CPU
		{7ACD73F2-1382-4DE5-95BC-AE62CBAFFFF8}.Release|Any CPU.Build.0 = Release|Any CPU
		{52CD3F97-FE81-4B97-842F-AA72E7F8AD1E}.Debug|Any CPU.ActiveCfg = Debug|Any CPU
		{52CD3F97-FE81-4B97-842F-AA72E7F8AD1E}.Debug|Any CPU.Build.0 = Debug|Any CPU
		{52CD3F97-FE81-4B97-842F-AA72E7F8AD1E}.Release|Any CPU.ActiveCfg = Release|Any CPU
		{52CD3F97-FE81-4B97-842F-AA72E7F8AD1E}.Release|Any CPU.Build.0 = Release|Any CPU
	EndGlobalSection
	GlobalSection(SolutionProperties) = preSolution
		HideSolutionNode = FALSE
	EndGlobalSection
	GlobalSection(ExtensibilityGlobals) = postSolution
		SolutionGuid = {F6C3E6F9-EE0F-4DC3-96CF-58E932C9586F}
	EndGlobalSection
EndGlobal
